
Microsoft Visual Studio Solution File, Format Version 12.00
# Visual Studio Version 17
VisualStudioVersion = 17.12.35527.113
MinimumVisualStudioVersion = 10.0.40219.1
Project("{FAE04EC0-301F-11D3-BF4B-00C04F79EFBC}") = "GloboClima.API", "GloboClima.API\GloboClima.API.csproj", "{54CA0C39-AEC4-4AE6-9D90-B2F2883A6216}"
EndProject
Project("{FAE04EC0-301F-11D3-BF4B-00C04F79EFBC}") = "GloboClima.Web.Client", "GloboClima.Web\Client\GloboClima.Web.Client.csproj", "{4B034C90-67ED-425B-A5D4-90016B7D6BBF}"
EndProject
Project("{FAE04EC0-301F-11D3-BF4B-00C04F79EFBC}") = "GloboClima.Web.Shared", "GloboClima.Web\Shared\GloboClima.Web.Shared.csproj", "{15F57D8B-C8DB-421E-902D-78EDD7D959F2}"
EndProject
Project("{FAE04EC0-301F-11D3-BF4B-00C04F79EFBC}") = "GloboClima.Dominio", "GloboClima.Dominio\GloboClima.Dominio.csproj", "{9D5E3075-33A6-49F6-A565-ABE642B0B2FC}"
EndProject
Project("{FAE04EC0-301F-11D3-BF4B-00C04F79EFBC}") = "GloboClima.Servico", "GloboClima.Servico\GloboClima.Servico.csproj", "{0D4C3C5C-1636-4760-9FDE-97B572B10436}"
	ProjectSection(ProjectDependencies) = postProject
		{9D5E3075-33A6-49F6-A565-ABE642B0B2FC} = {9D5E3075-33A6-49F6-A565-ABE642B0B2FC}
	EndProjectSection
EndProject
Global
	GlobalSection(SolutionConfigurationPlatforms) = preSolution
		Debug|Any CPU = Debug|Any CPU
		Release|Any CPU = Release|Any CPU
	EndGlobalSection
	GlobalSection(ProjectConfigurationPlatforms) = postSolution
		{54CA0C39-AEC4-4AE6-9D90-B2F2883A6216}.Debug|Any CPU.ActiveCfg = Debug|Any CPU
		{54CA0C39-AEC4-4AE6-9D90-B2F2883A6216}.Debug|Any CPU.Build.0 = Debug|Any CPU
		{54CA0C39-AEC4-4AE6-9D90-B2F2883A6216}.Release|Any CPU.ActiveCfg = Release|Any CPU
		{54CA0C39-AEC4-4AE6-9D90-B2F2883A6216}.Release|Any CPU.Build.0 = Release|Any CPU
		{4B034C90-67ED-425B-A5D4-90016B7D6BBF}.Debug|Any CPU.ActiveCfg = Debug|Any CPU
		{4B034C90-67ED-425B-A5D4-90016B7D6BBF}.Debug|Any CPU.Build.0 = Debug|Any CPU
		{4B034C90-67ED-425B-A5D4-90016B7D6BBF}.Release|Any CPU.ActiveCfg = Release|Any CPU
		{4B034C90-67ED-425B-A5D4-90016B7D6BBF}.Release|Any CPU.Build.0 = Release|Any CPU
		{15F57D8B-C8DB-421E-902D-78EDD7D959F2}.Debug|Any CPU.ActiveCfg = Debug|Any CPU
		{15F57D8B-C8DB-421E-902D-78EDD7D959F2}.Debug|Any CPU.Build.0 = Debug|Any CPU
		{15F57D8B-C8DB-421E-902D-78EDD7D959F2}.Release|Any CPU.ActiveCfg = Release|Any CPU
		{15F57D8B-C8DB-421E-902D-78EDD7D959F2}.Release|Any CPU.Build.0 = Release|Any CPU
		{9D5E3075-33A6-49F6-A565-ABE642B0B2FC}.Debug|Any CPU.ActiveCfg = Debug|Any CPU
		{9D5E3075-33A6-49F6-A565-ABE642B0B2FC}.Debug|Any CPU.Build.0 = Debug|Any CPU
		{9D5E3075-33A6-49F6-A565-ABE642B0B2FC}.Release|Any CPU.ActiveCfg = Release|Any CPU
		{9D5E3075-33A6-49F6-A565-ABE642B0B2FC}.Release|Any CPU.Build.0 = Release|Any CPU
		{0D4C3C5C-1636-4760-9FDE-97B572B10436}.Debug|Any CPU.ActiveCfg = Debug|Any CPU
		{0D4C3C5C-1636-4760-9FDE-97B572B10436}.Debug|Any CPU.Build.0 = Debug|Any CPU
		{0D4C3C5C-1636-4760-9FDE-97B572B10436}.Release|Any CPU.ActiveCfg = Release|Any CPU
		{0D4C3C5C-1636-4760-9FDE-97B572B10436}.Release|Any CPU.Build.0 = Release|Any CPU
	EndGlobalSection
	GlobalSection(SolutionProperties) = preSolution
		HideSolutionNode = FALSE
	EndGlobalSection
	GlobalSection(ExtensibilityGlobals) = postSolution
		SolutionGuid = {368DF593-E73A-4910-8456-5F912A85851F}
	EndGlobalSection
EndGlobal
